
Microsoft Visual Studio Solution File, Format Version 12.00
# Visual Studio Version 16
VisualStudioVersion = 16.0.31624.102
MinimumVisualStudioVersion = 10.0.40219.1
Project("{FAE04EC0-301F-11D3-BF4B-00C04F79EFBC}") = "WorkOutAppAlfa.Android", "WorkOutAppAlfa\WorkOutAppAlfa.Android\WorkOutAppAlfa.Android.csproj", "{8A289BEF-C8AA-4A66-AED1-9C1A0E4C0F5F}"
EndProject
Project("{FAE04EC0-301F-11D3-BF4B-00C04F79EFBC}") = "WorkOutAppAlfa.iOS", "WorkOutAppAlfa\WorkOutAppAlfa.iOS\WorkOutAppAlfa.iOS.csproj", "{A2A14DA7-3E0A-4999-9CF0-9C3C21D0A59D}"
EndProject
Project("{FAE04EC0-301F-11D3-BF4B-00C04F79EFBC}") = "WorkOutAppAlfa", "WorkOutAppAlfa\WorkOutAppAlfa\WorkOutAppAlfa.csproj", "{BD6ED77B-2BB3-4175-B22F-583ACFC076BA}"
EndProject
Global
	GlobalSection(SolutionConfigurationPlatforms) = preSolution
		Debug|Any CPU = Debug|Any CPU
		Debug|iPhone = Debug|iPhone
		Debug|iPhoneSimulator = Debug|iPhoneSimulator
		Release|Any CPU = Release|Any CPU
		Release|iPhone = Release|iPhone
		Release|iPhoneSimulator = Release|iPhoneSimulator
	EndGlobalSection
	GlobalSection(ProjectConfigurationPlatforms) = postSolution
		{8A289BEF-C8AA-4A66-AED1-9C1A0E4C0F5F}.Debug|Any CPU.ActiveCfg = Debug|Any CPU
		{8A289BEF-C8AA-4A66-AED1-9C1A0E4C0F5F}.Debug|Any CPU.Build.0 = Debug|Any CPU
		{8A289BEF-C8AA-4A66-AED1-9C1A0E4C0F5F}.Debug|Any CPU.Deploy.0 = Debug|Any CPU
		{8A289BEF-C8AA-4A66-AED1-9C1A0E4C0F5F}.Debug|iPhone.ActiveCfg = Debug|Any CPU
		{8A289BEF-C8AA-4A66-AED1-9C1A0E4C0F5F}.Debug|iPhone.Build.0 = Debug|Any CPU
		{8A289BEF-C8AA-4A66-AED1-9C1A0E4C0F5F}.Debug|iPhone.Deploy.0 = Debug|Any CPU
		{8A289BEF-C8AA-4A66-AED1-9C1A0E4C0F5F}.Debug|iPhoneSimulator.ActiveCfg = Debug|Any CPU
		{8A289BEF-C8AA-4A66-AED1-9C1A0E4C0F5F}.Debug|iPhoneSimulator.Build.0 = Debug|Any CPU
		{8A289BEF-C8AA-4A66-AED1-9C1A0E4C0F5F}.Debug|iPhoneSimulator.Deploy.0 = Debug|Any CPU
		{8A289BEF-C8AA-4A66-AED1-9C1A0E4C0F5F}.Release|Any CPU.ActiveCfg = Release|Any CPU
		{8A289BEF-C8AA-4A66-AED1-9C1A0E4C0F5F}.Release|Any CPU.Build.0 = Release|Any CPU
		{8A289BEF-C8AA-4A66-AED1-9C1A0E4C0F5F}.Release|Any CPU.Deploy.0 = Release|Any CPU
		{8A289BEF-C8AA-4A66-AED1-9C1A0E4C0F5F}.Release|iPhone.ActiveCfg = Release|Any CPU
		{8A289BEF-C8AA-4A66-AED1-9C1A0E4C0F5F}.Release|iPhone.Build.0 = Release|Any CPU
		{8A289BEF-C8AA-4A66-AED1-9C1A0E4C0F5F}.Release|iPhone.Deploy.0 = Release|Any CPU
		{8A289BEF-C8AA-4A66-AED1-9C1A0E4C0F5F}.Release|iPhoneSimulator.ActiveCfg = Release|Any CPU
		{8A289BEF-C8AA-4A66-AED1-9C1A0E4C0F5F}.Release|iPhoneSimulator.Build.0 = Release|Any CPU
		{8A289BEF-C8AA-4A66-AED1-9C1A0E4C0F5F}.Release|iPhoneSimulator.Deploy.0 = Release|Any CPU
		{A2A14DA7-3E0A-4999-9CF0-9C3C21D0A59D}.Debug|Any CPU.ActiveCfg = Debug|iPhone
		{A2A14DA7-3E0A-4999-9CF0-9C3C21D0A59D}.Debug|Any CPU.Build.0 = Debug|iPhone
		{A2A14DA7-3E0A-4999-9CF0-9C3C21D0A59D}.Debug|Any CPU.Deploy.0 = Debug|iPhone
		{A2A14DA7-3E0A-4999-9CF0-9C3C21D0A59D}.Debug|iPhone.ActiveCfg = Debug|iPhone
		{A2A14DA7-3E0A-4999-9CF0-9C3C21D0A59D}.Debug|iPhone.Build.0 = Debug|iPhone
		{A2A14DA7-3E0A-4999-9CF0-9C3C21D0A59D}.Debug|iPhone.Deploy.0 = Debug|iPhone
		{A2A14DA7-3E0A-4999-9CF0-9C3C21D0A59D}.Debug|iPhoneSimulator.ActiveCfg = Debug|iPhoneSimulator
		{A2A14DA7-3E0A-4999-9CF0-9C3C21D0A59D}.Debug|iPhoneSimulator.Build.0 = Debug|iPhoneSimulator
		{A2A14DA7-3E0A-4999-9CF0-9C3C21D0A59D}.Debug|iPhoneSimulator.Deploy.0 = Debug|iPhoneSimulator
		{A2A14DA7-3E0A-4999-9CF0-9C3C21D0A59D}.Release|Any CPU.ActiveCfg = Release|iPhoneSimulator
		{A2A14DA7-3E0A-4999-9CF0-9C3C21D0A59D}.Release|Any CPU.Build.0 = Release|iPhoneSimulator
		{A2A14DA7-3E0A-4999-9CF0-9C3C21D0A59D}.Release|Any CPU.Deploy.0 = Release|iPhoneSimulator
		{A2A14DA7-3E0A-4999-9CF0-9C3C21D0A59D}.Release|iPhone.ActiveCfg = Release|iPhone
		{A2A14DA7-3E0A-4999-9CF0-9C3C21D0A59D}.Release|iPhone.Build.0 = Release|iPhone
		{A2A14DA7-3E0A-4999-9CF0-9C3C21D0A59D}.Release|iPhone.Deploy.0 = Release|iPhone
		{A2A14DA7-3E0A-4999-9CF0-9C3C21D0A59D}.Release|iPhoneSimulator.ActiveCfg = Release|iPhoneSimulator
		{A2A14DA7-3E0A-4999-9CF0-9C3C21D0A59D}.Release|iPhoneSimulator.Build.0 = Release|iPhoneSimulator
		{A2A14DA7-3E0A-4999-9CF0-9C3C21D0A59D}.Release|iPhoneSimulator.Deploy.0 = Release|iPhoneSimulator
		{BD6ED77B-2BB3-4175-B22F-583ACFC076BA}.Debug|Any CPU.ActiveCfg = Debug|Any CPU
		{BD6ED77B-2BB3-4175-B22F-583ACFC076BA}.Debug|Any CPU.Build.0 = Debug|Any CPU
		{BD6ED77B-2BB3-4175-B22F-583ACFC076BA}.Debug|Any CPU.Deploy.0 = Debug|Any CPU
		{BD6ED77B-2BB3-4175-B22F-583ACFC076BA}.Debug|iPhone.ActiveCfg = Debug|Any CPU
		{BD6ED77B-2BB3-4175-B22F-583ACFC076BA}.Debug|iPhone.Build.0 = Debug|Any CPU
		{BD6ED77B-2BB3-4175-B22F-583ACFC076BA}.Debug|iPhone.Deploy.0 = Debug|Any CPU
		{BD6ED77B-2BB3-4175-B22F-583ACFC076BA}.Debug|iPhoneSimulator.ActiveCfg = Debug|Any CPU
		{BD6ED77B-2BB3-4175-B22F-583ACFC076BA}.Debug|iPhoneSimulator.Build.0 = Debug|Any CPU
		{BD6ED77B-2BB3-4175-B22F-583ACFC076BA}.Debug|iPhoneSimulator.Deploy.0 = Debug|Any CPU
		{BD6ED77B-2BB3-4175-B22F-583ACFC076BA}.Release|Any CPU.ActiveCfg = Release|Any CPU
		{BD6ED77B-2BB3-4175-B22F-583ACFC076BA}.Release|Any CPU.Build.0 = Release|Any CPU
		{BD6ED77B-2BB3-4175-B22F-583ACFC076BA}.Release|Any CPU.Deploy.0 = Release|Any CPU
		{BD6ED77B-2BB3-4175-B22F-583ACFC076BA}.Release|iPhone.ActiveCfg = Release|Any CPU
		{BD6ED77B-2BB3-4175-B22F-583ACFC076BA}.Release|iPhone.Build.0 = Release|Any CPU
		{BD6ED77B-2BB3-4175-B22F-583ACFC076BA}.Release|iPhone.Deploy.0 = Release|Any CPU
		{BD6ED77B-2BB3-4175-B22F-583ACFC076BA}.Release|iPhoneSimulator.ActiveCfg = Release|Any CPU
		{BD6ED77B-2BB3-4175-B22F-583ACFC076BA}.Release|iPhoneSimulator.Build.0 = Release|Any CPU
		{BD6ED77B-2BB3-4175-B22F-583ACFC076BA}.Release|iPhoneSimulator.Deploy.0 = Release|Any CPU
	EndGlobalSection
	GlobalSection(SolutionProperties) = preSolution
		HideSolutionNode = FALSE
	EndGlobalSection
	GlobalSection(ExtensibilityGlobals) = postSolution
		SolutionGuid = {B903EA1C-A771-433A-9DE5-CA1A11AF13AB}
	EndGlobalSection
EndGlobal
